{
    "version": 3,
    "terraform_version": "0.11.10",
    "serial": 8,
    "lineage": "f13cf6ea-0475-3318-6422-00e6fca04622",
    "modules": [
        {
            "path": [
                "root"
            ],
            "outputs": {},
            "resources": {},
            "depends_on": []
        },
        {
            "path": [
                "root",
                "oss-bucket"
            ],
            "outputs": {
                "this_oss_bucket_id": {
                    "sensitive": false,
                    "type": "string",
                    "value": "bucket-terraform-20190105"
                }
            },
            "resources": {
                "alicloud_oss_bucket.create_new_bucket": {
                    "type": "alicloud_oss_bucket",
                    "depends_on": [],
                    "primary": {
                        "id": "bucket-terraform-20190105",
                        "attributes": {
                            "acl": "private",
                            "bucket": "bucket-terraform-20190105",
                            "creation_date": "9016-01-01",
                            "extranet_endpoint": "oss-cn-beijing.aliyuncs.com",
                            "id": "bucket-terraform-20190105",
                            "intranet_endpoint": "oss-cn-beijing-internal.aliyuncs.com",
                            "lifecycle_rule.#": "2",
                            "lifecycle_rule.0.enabled": "true",
                            "lifecycle_rule.0.expiration.#": "1",
                            "lifecycle_rule.0.expiration.3672460294.date": "",
                            "lifecycle_rule.0.expiration.3672460294.days": "365",
                            "lifecycle_rule.0.id": "rule-days",
                            "lifecycle_rule.0.prefix": "path1/",
                            "lifecycle_rule.1.enabled": "true",
                            "lifecycle_rule.1.expiration.#": "1",
                            "lifecycle_rule.1.expiration.3246583388.date": "2018-01-12",
                            "lifecycle_rule.1.expiration.3246583388.days": "0",
                            "lifecycle_rule.1.id": "rule-date",
                            "lifecycle_rule.1.prefix": "path2/",
                            "location": "oss-cn-beijing",
                            "logging.#": "1",
                            "logging.0.target_bucket": "achive-test-liujie",
                            "logging.0.target_prefix": "log/",
                            "logging_isenable": "true",
                            "owner": "1147096387694355",
                            "referer_config.#": "1",
                            "referer_config.0.allow_empty": "false",
                            "referer_config.0.referers.#": "2",
                            "referer_config.0.referers.0": "http://www.aliyun.com",
                            "referer_config.0.referers.1": "https://www.aliyun.com",
                            "storage_class": "Standard",
                            "website.#": "1",
                            "website.0.error_document": "error.html",
                            "website.0.index_document": "index.html"
                        },
                        "meta": {},
                        "tainted": false
                    },
                    "deposed": [],
                    "provider": "provider.alicloud"
                }
            },
            "depends_on": []
        }
    ]
}
